// !$*UTF8*$!
{
	archiveVersion = 1;
	classes = {
	};
	objectVersion = 46;
	objects = {

/* Begin PBXBuildFile section */
		6326B76F1AF1277600A147F6 /* main.m in Sources */ = {isa = PBXBuildFile; fileRef = 6326B76E1AF1277600A147F6 /* main.m */; };
		6326B7721AF1277600A147F6 /* AppDelegate.m in Sources */ = {isa = PBXBuildFile; fileRef = 6326B7711AF1277600A147F6 /* AppDelegate.m */; };
		6326B7751AF1277600A147F6 /* ViewController.m in Sources */ = {isa = PBXBuildFile; fileRef = 6326B7741AF1277600A147F6 /* ViewController.m */; };
		6326B7781AF1277600A147F6 /* Main.storyboard in Resources */ = {isa = PBXBuildFile; fileRef = 6326B7761AF1277600A147F6 /* Main.storyboard */; };
		6326B77A1AF1277600A147F6 /* Images.xcassets in Resources */ = {isa = PBXBuildFile; fileRef = 6326B7791AF1277600A147F6 /* Images.xcassets */; };
		6326B77D1AF1277600A147F6 /* LaunchScreen.xib in Resources */ = {isa = PBXBuildFile; fileRef = 6326B77B1AF1277600A147F6 /* LaunchScreen.xib */; };
		6326B7891AF1277600A147F6 /* GGSwitchTests.m in Sources */ = {isa = PBXBuildFile; fileRef = 6326B7881AF1277600A147F6 /* GGSwitchTests.m */; };
		6389810B1AF242C900C1D3EB /* GGSwitch.m in Sources */ = {isa = PBXBuildFile; fileRef = 6389810A1AF242C900C1D3EB /* GGSwitch.m */; };
/* End PBXBuildFile section */

/* Begin PBXContainerItemProxy section */
		6326B7831AF1277600A147F6 /* PBXContainerItemProxy */ = {
			isa = PBXContainerItemProxy;
			containerPortal = 6326B7611AF1277600A147F6 /* Project object */;
			proxyType = 1;
			remoteGlobalIDString = 6326B7681AF1277600A147F6;
			remoteInfo = GGSwitch;
		};
/* End PBXContainerItemProxy section */

/* Begin PBXFileReference section */
		6326B7691AF1277600A147F6 /* GGSwitch.app */ = {isa = PBXFileReference; explicitFileType = wrapper.application; includeInIndex = 0; path = GGSwitch.app; sourceTree = BUILT_PRODUCTS_DIR; };
		6326B76D1AF1277600A147F6 /* Info.plist */ = {isa = PBXFileReference; lastKnownFileType = text.plist.xml; path = Info.plist; sourceTree = "<group>"; };
		6326B76E1AF1277600A147F6 /* main.m */ = {isa = PBXFileReference; lastKnownFileType = sourcecode.c.objc; path = main.m; sourceTree = "<group>"; };
		6326B7701AF1277600A147F6 /* AppDelegate.h */ = {isa = PBXFileReference; lastKnownFileType = sourcecode.c.h; path = AppDelegate.h; sourceTree = "<group>"; };
		6326B7711AF1277600A147F6 /* AppDelegate.m */ = {isa = PBXFileReference; lastKnownFileType = sourcecode.c.objc; path = AppDelegate.m; sourceTree = "<group>"; };
		6326B7731AF1277600A147F6 /* ViewController.h */ = {isa = PBXFileReference; lastKnownFileType = sourcecode.c.h; path = ViewController.h; sourceTree = "<group>"; };
		6326B7741AF1277600A147F6 /* ViewController.m */ = {isa = PBXFileReference; lastKnownFileType = sourcecode.c.objc; path = ViewController.m; sourceTree = "<group>"; };
		6326B7771AF1277600A147F6 /* Base */ = {isa = PBXFileReference; lastKnownFileType = file.storyboard; name = Base; path = Base.lproj/Main.storyboard; sourceTree = "<group>"; };
		6326B7791AF1277600A147F6 /* Images.xcassets */ = {isa = PBXFileReference; lastKnownFileType = folder.assetcatalog; path = Images.xcassets; sourceTree = "<group>"; };
		6326B77C1AF1277600A147F6 /* Base */ = {isa = PBXFileReference; lastKnownFileType = file.xib; name = Base; path = Base.lproj/LaunchScreen.xib; sourceTree = "<group>"; };
		6326B7821AF1277600A147F6 /* GGSwitchTests.xctest */ = {isa = PBXFileReference; explicitFileType = wrapper.cfbundle; includeInIndex = 0; path = GGSwitchTests.xctest; sourceTree = BUILT_PRODUCTS_DIR; };
		6326B7871AF1277600A147F6 /* Info.plist */ = {isa = PBXFileReference; lastKnownFileType = text.plist.xml; path = Info.plist; sourceTree = "<group>"; };
		6326B7881AF1277600A147F6 /* GGSwitchTests.m */ = {isa = PBXFileReference; lastKnownFileType = sourcecode.c.objc; path = GGSwitchTests.m; sourceTree = "<group>"; };
		638981091AF242C900C1D3EB /* GGSwitch.h */ = {isa = PBXFileReference; fileEncoding = 4; lastKnownFileType = sourcecode.c.h; path = GGSwitch.h; sourceTree = "<group>"; };
		6389810A1AF242C900C1D3EB /* GGSwitch.m */ = {isa = PBXFileReference; fileEncoding = 4; lastKnownFileType = sourcecode.c.objc; path = GGSwitch.m; sourceTree = "<group>"; };
/* End PBXFileReference section */

/* Begin PBXFrameworksBuildPhase section */
		6326B7661AF1277600A147F6 /* Frameworks */ = {
			isa = PBXFrameworksBuildPhase;
			buildActionMask = 2147483647;
			files = (
			);
			runOnlyForDeploymentPostprocessing = 0;
		};
		6326B77F1AF1277600A147F6 /* Frameworks */ = {
			isa = PBXFrameworksBuildPhase;
			buildActionMask = 2147483647;
			files = (
			);
			runOnlyForDeploymentPostprocessing = 0;
		};
/* End PBXFrameworksBuildPhase section */

/* Begin PBXGroup section */
		6326B7601AF1277600A147F6 = {
			isa = PBXGroup;
			children = (
				6326B76B1AF1277600A147F6 /* GGSwitch */,
				6326B7851AF1277600A147F6 /* GGSwitchTests */,
				6326B76A1AF1277600A147F6 /* Products */,
			);
			sourceTree = "<group>";
		};
		6326B76A1AF1277600A147F6 /* Products */ = {
			isa = PBXGroup;
			children = (
				6326B7691AF1277600A147F6 /* GGSwitch.app */,
				6326B7821AF1277600A147F6 /* GGSwitchTests.xctest */,
			);
			name = Products;
			sourceTree = "<group>";
		};
		6326B76B1AF1277600A147F6 /* GGSwitch */ = {
			isa = PBXGroup;
			children = (
				638981081AF2426900C1D3EB /* Switch */,
				6326B7701AF1277600A147F6 /* AppDelegate.h */,
				6326B7711AF1277600A147F6 /* AppDelegate.m */,
				6326B7731AF1277600A147F6 /* ViewController.h */,
				6326B7741AF1277600A147F6 /* ViewController.m */,
				6326B7761AF1277600A147F6 /* Main.storyboard */,
				6326B7791AF1277600A147F6 /* Images.xcassets */,
				6326B77B1AF1277600A147F6 /* LaunchScreen.xib */,
				6326B76C1AF1277600A147F6 /* Supporting Files */,
			);
			path = GGSwitch;
			sourceTree = "<group>";
		};
		6326B76C1AF1277600A147F6 /* Supporting Files */ = {
			isa = PBXGroup;
			children = (
				6326B76D1AF1277600A147F6 /* Info.plist */,
				6326B76E1AF1277600A147F6 /* main.m */,
			);
			name = "Supporting Files";
			sourceTree = "<group>";
		};
		6326B7851AF1277600A147F6 /* GGSwitchTests */ = {
			isa = PBXGroup;
			children = (
				6326B7881AF1277600A147F6 /* GGSwitchTests.m */,
				6326B7861AF1277600A147F6 /* Supporting Files */,
			);
			path = GGSwitchTests;
			sourceTree = "<group>";
		};
		6326B7861AF1277600A147F6 /* Supporting Files */ = {
			isa = PBXGroup;
			children = (
				6326B7871AF1277600A147F6 /* Info.plist */,
			);
			name = "Supporting Files";
			sourceTree = "<group>";
		};
		638981081AF2426900C1D3EB /* Switch */ = {
			isa = PBXGroup;
			children = (
				638981091AF242C900C1D3EB /* GGSwitch.h */,
				6389810A1AF242C900C1D3EB /* GGSwitch.m */,
			);
			name = Switch;
			sourceTree = "<group>";
		};
/* End PBXGroup section */

/* Begin PBXNativeTarget section */
		6326B7681AF1277600A147F6 /* GGSwitch */ = {
			isa = PBXNativeTarget;
			buildConfigurationList = 6326B78C1AF1277600A147F6 /* Build configuration list for PBXNativeTarget "GGSwitch" */;
			buildPhases = (
				6326B7651AF1277600A147F6 /* Sources */,
				6326B7661AF1277600A147F6 /* Frameworks */,
				6326B7671AF1277600A147F6 /* Resources */,
			);
			buildRules = (
			);
			dependencies = (
			);
			name = GGSwitch;
			productName = GGSwitch;
			productReference = 6326B7691AF1277600A147F6 /* GGSwitch.app */;
			productType = "com.apple.product-type.application";
		};
		6326B7811AF1277600A147F6 /* GGSwitchTests */ = {
			isa = PBXNativeTarget;
			buildConfigurationList = 6326B78F1AF1277600A147F6 /* Build configuration list for PBXNativeTarget "GGSwitchTests" */;
			buildPhases = (
				6326B77E1AF1277600A147F6 /* Sources */,
				6326B77F1AF1277600A147F6 /* Frameworks */,
				6326B7801AF1277600A147F6 /* Resources */,
			);
			buildRules = (
			);
			dependencies = (
				6326B7841AF1277600A147F6 /* PBXTargetDependency */,
			);
			name = GGSwitchTests;
			productName = GGSwitchTests;
			productReference = 6326B7821AF1277600A147F6 /* GGSwitchTests.xctest */;
			productType = "com.apple.product-type.bundle.unit-test";
		};
/* End PBXNativeTarget section */

/* Begin PBXProject section */
		6326B7611AF1277600A147F6 /* Project object */ = {
			isa = PBXProject;
			attributes = {
				LastUpgradeCheck = 0630;
				ORGANIZATIONNAME = "__无邪_";
				TargetAttributes = {
					6326B7681AF1277600A147F6 = {
						CreatedOnToolsVersion = 6.3.1;
					};
					6326B7811AF1277600A147F6 = {
						CreatedOnToolsVersion = 6.3.1;
						TestTargetID = 6326B7681AF1277600A147F6;
					};
				};
			};
			buildConfigurationList = 6326B7641AF1277600A147F6 /* Build configuration list for PBXProject "GGSwitch" */;
			compatibilityVersion = "Xcode 3.2";
			developmentRegion = English;
			hasScannedForEncodings = 0;
			knownRegions = (
				en,
				Base,
			);
			mainGroup = 6326B7601AF1277600A147F6;
			productRefGroup = 6326B76A1AF1277600A147F6 /* Products */;
			projectDirPath = "";
			projectRoot = "";
			targets = (
				6326B7681AF1277600A147F6 /* GGSwitch */,
				6326B7811AF1277600A147F6 /* GGSwitchTests */,
			);
		};
/* End PBXProject section */

/* Begin PBXResourcesBuildPhase section */
		6326B7671AF1277600A147F6 /* Resources */ = {
			isa = PBXResourcesBuildPhase;
			buildActionMask = 2147483647;
			files = (
				6326B7781AF1277600A147F6 /* Main.storyboard in Resources */,
				6326B77D1AF1277600A147F6 /* LaunchScreen.xib in Resources */,
				6326B77A1AF1277600A147F6 /* Images.xcassets in Resources */,
			);
			runOnlyForDeploymentPostprocessing = 0;
		};
		6326B7801AF1277600A147F6 /* Resources */ = {
			isa = PBXResourcesBuildPhase;
			buildActionMask = 2147483647;
			files = (
			);
			runOnlyForDeploymentPostprocessing = 0;
		};
/* End PBXResourcesBuildPhase section */

/* Begin PBXSourcesBuildPhase section */
		6326B7651AF1277600A147F6 /* Sources */ = {
			isa = PBXSourcesBuildPhase;
			buildActionMask = 2147483647;
			files = (
				6326B7751AF1277600A147F6 /* ViewController.m in Sources */,
				6389810B1AF242C900C1D3EB /* GGSwitch.m in Sources */,
				6326B7721AF1277600A147F6 /* AppDelegate.m in Sources */,
				6326B76F1AF1277600A147F6 /* main.m in Sources */,
			);
			runOnlyForDeploymentPostprocessing = 0;
		};
		6326B77E1AF1277600A147F6 /* Sources */ = {
			isa = PBXSourcesBuildPhase;
			buildActionMask = 2147483647;
			files = (
				6326B7891AF1277600A147F6 /* GGSwitchTests.m in Sources */,
			);
			runOnlyForDeploymentPostprocessing = 0;
		};
/* End PBXSourcesBuildPhase section */

/* Begin PBXTargetDependency section */
		6326B7841AF1277600A147F6 /* PBXTargetDependency */ = {
			isa = PBXTargetDependency;
			target = 6326B7681AF1277600A147F6 /* GGSwitch */;
			targetProxy = 6326B7831AF1277600A147F6 /* PBXContainerItemProxy */;
		};
/* End PBXTargetDependency section */

/* Begin PBXVariantGroup section */
		6326B7761AF1277600A147F6 /* Main.storyboard */ = {
			isa = PBXVariantGroup;
			children = (
				6326B7771AF1277600A147F6 /* Base */,
			);
			name = Main.storyboard;
			sourceTree = "<group>";
		};
		6326B77B1AF1277600A147F6 /* LaunchScreen.xib */ = {
			isa = PBXVariantGroup;
			children = (
				6326B77C1AF1277600A147F6 /* Base */,
			);
			name = LaunchScreen.xib;
			sourceTree = "<group>";
		};
/* End PBXVariantGroup section */

/* Begin XCBuildConfiguration section */
		6326B78A1AF1277600A147F6 /* Debug */ = {
			isa = XCBuildConfiguration;
			buildSettings = {
				ALWAYS_SEARCH_USER_PATHS = NO;
				CLANG_CXX_LANGUAGE_STANDARD = "gnu++0x";
				CLANG_CXX_LIBRARY = "libc++";
				CLANG_ENABLE_MODULES = YES;
				CLANG_ENABLE_OBJC_ARC = YES;
				CLANG_WARN_BOOL_CONVERSION = YES;
				CLANG_WARN_CONSTANT_CONVERSION = YES;
				CLANG_WARN_DIRECT_OBJC_ISA_USAGE = YES_ERROR;
				CLANG_WARN_EMPTY_BODY = YES;
				CLANG_WARN_ENUM_CONVERSION = YES;
				CLANG_WARN_INT_CONVERSION = YES;
				CLANG_WARN_OBJC_ROOT_CLASS = YES_ERROR;
				CLANG_WARN_UNREACHABLE_CODE = YES;
				CLANG_WARN__DUPLICATE_METHOD_MATCH = YES;
				"CODE_SIGN_IDENTITY[sdk=iphoneos*]" = "iPhone Developer";
				COPY_PHASE_STRIP = NO;
				DEBUG_INFORMATION_FORMAT = "dwarf-with-dsym";
				ENABLE_STRICT_OBJC_MSGSEND = YES;
				GCC_C_LANGUAGE_STANDARD = gnu99;
				GCC_DYNAMIC_NO_PIC = NO;
				GCC_NO_COMMON_BLOCKS = YES;
				GCC_OPTIMIZATION_LEVEL = 0;
				GCC_PREPROCESSOR_DEFINITIONS = (
					"DEBUG=1",
					"$(inherited)",
				);
				GCC_SYMBOLS_PRIVATE_EXTERN = NO;
				GCC_WARN_64_TO_32_BIT_CONVERSION = YES;
				GCC_WARN_ABOUT_RETURN_TYPE = YES_ERROR;
				GCC_WARN_UNDECLARED_SELECTOR = YES;
				GCC_WARN_UNINITIALIZED_AUTOS = YES_AGGRESSIVE;
				GCC_WARN_UNUSED_FUNCTION = YES;
				GCC_WARN_UNUSED_VARIABLE = YES;
				IPHONEOS_DEPLOYMENT_TARGET = 8.3;
				MTL_ENABLE_DEBUG_INFO = YES;
				ONLY_ACTIVE_ARCH = YES;
				SDKROOT = iphoneos;
				TARGETED_DEVICE_FAMILY = "1,2";
			};
			name = Debug;
		};
		6326B78B1AF1277600A147F6 /* Release */ = {
			isa = XCBuildConfiguration;
			buildSettings = {
				ALWAYS_SEARCH_USER_PATHS = NO;
				CLANG_CXX_LANGUAGE_STANDARD = "gnu++0x";
				CLANG_CXX_LIBRARY = "libc++";
				CLANG_ENABLE_MODULES = YES;
				CLANG_ENABLE_OBJC_ARC = YES;
				CLANG_WARN_BOOL_CONVERSION = YES;
				CLANG_WARN_CONSTANT_CONVERSION = YES;
				CLANG_WARN_DIRECT_OBJC_ISA_USAGE = YES_ERROR;
				CLANG_WARN_EMPTY_BODY = YES;
				CLANG_WARN_ENUM_CONVERSION = YES;
				CLANG_WARN_INT_CONVERSION = YES;
				CLANG_WARN_OBJC_ROOT_CLASS = YES_ERROR;
				CLANG_WARN_UNREACHABLE_CODE = YES;
				CLANG_WARN__DUPLICATE_METHOD_MATCH = YES;
				"CODE_SIGN_IDENTITY[sdk=iphoneos*]" = "iPhone Developer";
				COPY_PHASE_STRIP = NO;
				DEBUG_INFORMATION_FORMAT = "dwarf-with-dsym";
				ENABLE_NS_ASSERTIONS = NO;
				ENABLE_STRICT_OBJC_MSGSEND = YES;
				GCC_C_LANGUAGE_STANDARD = gnu99;
				GCC_NO_COMMON_BLOCKS = YES;
				GCC_WARN_64_TO_32_BIT_CONVERSION = YES;
				GCC_WARN_ABOUT_RETURN_TYPE = YES_ERROR;
				GCC_WARN_UNDECLARED_SELECTOR = YES;
				GCC_WARN_UNINITIALIZED_AUTOS = YES_AGGRESSIVE;
				GCC_WARN_UNUSED_FUNCTION = YES;
				GCC_WARN_UNUSED_VARIABLE = YES;
				IPHONEOS_DEPLOYMENT_TARGET = 8.3;
				MTL_ENABLE_DEBUG_INFO = NO;
				SDKROOT = iphoneos;
				TARGETED_DEVICE_FAMILY = "1,2";
				VALIDATE_PRODUCT = YES;
			};
			name = Release;
		};
		6326B78D1AF1277600A147F6 /* Debug */ = {
			isa = XCBuildConfiguration;
			buildSettings = {
				ASSETCATALOG_COMPILER_APPICON_NAME = AppIcon;
				INFOPLIST_FILE = GGSwitch/Info.plist;
				LD_RUNPATH_SEARCH_PATHS = "$(inherited) @executable_path/Frameworks";
				PRODUCT_NAME = "$(TARGET_NAME)";
			};
			name = Debug;
		};
		6326B78E1AF1277600A147F6 /* Release */ = {
			isa = XCBuildConfiguration;
			buildSettings = {
				ASSETCATALOG_COMPILER_APPICON_NAME = AppIcon;
				INFOPLIST_FILE = GGSwitch/Info.plist;
				LD_RUNPATH_SEARCH_PATHS = "$(inherited) @executable_path/Frameworks";
				PRODUCT_NAME = "$(TARGET_NAME)";
			};
			name = Release;
		};
		6326B7901AF1277600A147F6 /* Debug */ = {
			isa = XCBuildConfiguration;
			buildSettings = {
				BUNDLE_LOADER = "$(TEST_HOST)";
				FRAMEWORK_SEARCH_PATHS = (
					"$(SDKROOT)/Developer/Library/Frameworks",
					"$(inherited)",
				);
				GCC_PREPROCESSOR_DEFINITIONS = (
					"DEBUG=1",
					"$(inherited)",
				);
				INFOPLIST_FILE = GGSwitchTests/Info.plist;
				LD_RUNPATH_SEARCH_PATHS = "$(inherited) @executable_path/Frameworks @loader_path/Frameworks";
				PRODUCT_NAME = "$(TARGET_NAME)";
				TEST_HOST = "$(BUILT_PRODUCTS_DIR)/GGSwitch.app/GGSwitch";
			};
			name = Debug;
		};
		6326B7911AF1277600A147F6 /* Release */ = {
			isa = XCBuildConfiguration;
			buildSettings = {
				BUNDLE_LOADER = "$(TEST_HOST)";
				FRAMEWORK_SEARCH_PATHS = (
					"$(SDKROOT)/Developer/Library/Frameworks",
					"$(inherited)",
				);
				INFOPLIST_FILE = GGSwitchTests/Info.plist;
				LD_RUNPATH_SEARCH_PATHS = "$(inherited) @executable_path/Frameworks @loader_path/Frameworks";
				PRODUCT_NAME = "$(TARGET_NAME)";
				TEST_HOST = "$(BUILT_PRODUCTS_DIR)/GGSwitch.app/GGSwitch";
			};
			name = Release;
		};
/* End XCBuildConfiguration section */

/* Begin XCConfigurationList section */
		6326B7641AF1277600A147F6 /* Build configuration list for PBXProject "GGSwitch" */ = {
			isa = XCConfigurationList;
			buildConfigurations = (
				6326B78A1AF1277600A147F6 /* Debug */,
				6326B78B1AF1277600A147F6 /* Release */,
			);
			defaultConfigurationIsVisible = 0;
			defaultConfigurationName = Release;
		};
		6326B78C1AF1277600A147F6 /* Build configuration list for PBXNativeTarget "GGSwitch" */ = {
			isa = XCConfigurationList;
			buildConfigurations = (
				6326B78D1AF1277600A147F6 /* Debug */,
				6326B78E1AF1277600A147F6 /* Release */,
			);
			defaultConfigurationIsVisible = 0;
			defaultConfigurationName = Release;
		};
		6326B78F1AF1277600A147F6 /* Build configuration list for PBXNativeTarget "GGSwitchTests" */ = {
			isa = XCConfigurationList;
			buildConfigurations = (
				6326B7901AF1277600A147F6 /* Debug */,
				6326B7911AF1277600A147F6 /* Release */,
			);
			defaultConfigurationIsVisible = 0;
			defaultConfigurationName = Release;
		};
/* End XCConfigurationList section */
	};
	rootObject = 6326B7611AF1277600A147F6 /* Project object */;
}
